// !$*UTF8*$!
{
	archiveVersion = 1;
	classes = {
	};
	objectVersion = 46;
	objects = {

/* Begin PBXBuildFile section */
		36551DCB7D5A2168AB030D5D /* Pods.framework in Frameworks */ = {isa = PBXBuildFile; fileRef = 5D91698A64BE506FED641896 /* Pods.framework */; };
		651283491D05186600A0B657 /* HistoryTableViewController.swift in Sources */ = {isa = PBXBuildFile; fileRef = 651283481D05186600A0B657 /* HistoryTableViewController.swift */; };
		6512834C1D05188300A0B657 /* HistoryTableViewCell.swift in Sources */ = {isa = PBXBuildFile; fileRef = 6512834A1D05188300A0B657 /* HistoryTableViewCell.swift */; };
		6512834D1D05188300A0B657 /* HistoryTableViewCell.xib in Resources */ = {isa = PBXBuildFile; fileRef = 6512834B1D05188300A0B657 /* HistoryTableViewCell.xib */; };
		651FEF831D13CB8600AF122D /* PickerViewController.swift in Sources */ = {isa = PBXBuildFile; fileRef = 651FEF821D13CB8600AF122D /* PickerViewController.swift */; };
		6546F0671CFE81F700F3CB85 /* RobotoMono-Bold.ttf in Resources */ = {isa = PBXBuildFile; fileRef = 6546F05D1CFE81F700F3CB85 /* RobotoMono-Bold.ttf */; };
		6546F0681CFE81F700F3CB85 /* RobotoMono-BoldItalic.ttf in Resources */ = {isa = PBXBuildFile; fileRef = 6546F05E1CFE81F700F3CB85 /* RobotoMono-BoldItalic.ttf */; };
		6546F0691CFE81F700F3CB85 /* RobotoMono-Italic.ttf in Resources */ = {isa = PBXBuildFile; fileRef = 6546F05F1CFE81F700F3CB85 /* RobotoMono-Italic.ttf */; };
		6546F06A1CFE81F700F3CB85 /* RobotoMono-Light.ttf in Resources */ = {isa = PBXBuildFile; fileRef = 6546F0601CFE81F700F3CB85 /* RobotoMono-Light.ttf */; };
		6546F06B1CFE81F700F3CB85 /* RobotoMono-LightItalic.ttf in Resources */ = {isa = PBXBuildFile; fileRef = 6546F0611CFE81F700F3CB85 /* RobotoMono-LightItalic.ttf */; };
		6546F06C1CFE81F700F3CB85 /* RobotoMono-Medium.ttf in Resources */ = {isa = PBXBuildFile; fileRef = 6546F0621CFE81F700F3CB85 /* RobotoMono-Medium.ttf */; };
		6546F06D1CFE81F700F3CB85 /* RobotoMono-MediumItalic.ttf in Resources */ = {isa = PBXBuildFile; fileRef = 6546F0631CFE81F700F3CB85 /* RobotoMono-MediumItalic.ttf */; };
		6546F06E1CFE81F700F3CB85 /* RobotoMono-Regular.ttf in Resources */ = {isa = PBXBuildFile; fileRef = 6546F0641CFE81F700F3CB85 /* RobotoMono-Regular.ttf */; };
		6546F06F1CFE81F700F3CB85 /* RobotoMono-Thin.ttf in Resources */ = {isa = PBXBuildFile; fileRef = 6546F0651CFE81F700F3CB85 /* RobotoMono-Thin.ttf */; };
		6546F0701CFE81F700F3CB85 /* RobotoMono-ThinItalic.ttf in Resources */ = {isa = PBXBuildFile; fileRef = 6546F0661CFE81F700F3CB85 /* RobotoMono-ThinItalic.ttf */; };
		6546F0731CFE8B2200F3CB85 /* MapViewController.swift in Sources */ = {isa = PBXBuildFile; fileRef = 6546F0721CFE8B2200F3CB85 /* MapViewController.swift */; };
		6546F0761CFEC89000F3CB85 /* LocationRecorder.swift in Sources */ = {isa = PBXBuildFile; fileRef = 6546F0751CFEC89000F3CB85 /* LocationRecorder.swift */; };
		655537361D1280B6004848F7 /* HttpHelper.swift in Sources */ = {isa = PBXBuildFile; fileRef = 655537351D1280B6004848F7 /* HttpHelper.swift */; };
		655537381D128DDE004848F7 /* InformationViewController.swift in Sources */ = {isa = PBXBuildFile; fileRef = 655537371D128DDE004848F7 /* InformationViewController.swift */; };
		655BB5B81D1BBE2D00BC158D /* CustomAnnotationView.swift in Sources */ = {isa = PBXBuildFile; fileRef = 655BB5B71D1BBE2D00BC158D /* CustomAnnotationView.swift */; };
		655C68331D19011000941C68 /* Toilet.swift in Sources */ = {isa = PBXBuildFile; fileRef = 655C68321D19011000941C68 /* Toilet.swift */; };
		659095F01D01781100054FA9 /* Mr-Ride-iOS.xcdatamodeld in Sources */ = {isa = PBXBuildFile; fileRef = 659095EE1D01781100054FA9 /* Mr-Ride-iOS.xcdatamodeld */; };
		659096151D017C4800054FA9 /* Run+CoreDataProperties.swift in Sources */ = {isa = PBXBuildFile; fileRef = 659096111D017C4800054FA9 /* Run+CoreDataProperties.swift */; };
		659096161D017C4800054FA9 /* Run.swift in Sources */ = {isa = PBXBuildFile; fileRef = 659096121D017C4800054FA9 /* Run.swift */; };
		659096171D017C4800054FA9 /* Location+CoreDataProperties.swift in Sources */ = {isa = PBXBuildFile; fileRef = 659096131D017C4800054FA9 /* Location+CoreDataProperties.swift */; };
		659096181D017C4800054FA9 /* Location.swift in Sources */ = {isa = PBXBuildFile; fileRef = 659096141D017C4800054FA9 /* Location.swift */; };
		65A67C041D21A0AC004193E2 /* Toilets+CoreDataProperties.swift in Sources */ = {isa = PBXBuildFile; fileRef = 65A67C021D21A0AC004193E2 /* Toilets+CoreDataProperties.swift */; };
		65A67C051D21A0AC004193E2 /* Toilets.swift in Sources */ = {isa = PBXBuildFile; fileRef = 65A67C031D21A0AC004193E2 /* Toilets.swift */; };
		65ABA3D41CF6D99D00171349 /* StatisticViewController.swift in Sources */ = {isa = PBXBuildFile; fileRef = 65ABA3D31CF6D99D00171349 /* StatisticViewController.swift */; };
		65AF9A391CF4215900345158 /* TrackingViewController.swift in Sources */ = {isa = PBXBuildFile; fileRef = 65AF9A381CF4215900345158 /* TrackingViewController.swift */; };
		65BB95461CF5AB11000B1748 /* CellTableViewCell.swift in Sources */ = {isa = PBXBuildFile; fileRef = 65BB95451CF5AB11000B1748 /* CellTableViewCell.swift */; };
		65C2EC771CF7FCCA00B59893 /* HistoryViewController.swift in Sources */ = {isa = PBXBuildFile; fileRef = 65C2EC761CF7FCCA00B59893 /* HistoryViewController.swift */; };
		65C6BFED1D07EC8E00D58D15 /* LoginViewController.swift in Sources */ = {isa = PBXBuildFile; fileRef = 65C6BFEC1D07EC8E00D58D15 /* LoginViewController.swift */; };
		65D50D4E1D1D149400176E92 /* Station.swift in Sources */ = {isa = PBXBuildFile; fileRef = 65D50D4D1D1D149400176E92 /* Station.swift */; };
		65D50D501D1E710500176E92 /* CustomPointAnnotation.swift in Sources */ = {isa = PBXBuildFile; fileRef = 65D50D4F1D1E710500176E92 /* CustomPointAnnotation.swift */; };
		65D9D57E1D22498100FFD836 /* ToiletRecorder.swift in Sources */ = {isa = PBXBuildFile; fileRef = 65D9D57D1D22498100FFD836 /* ToiletRecorder.swift */; };
		65E4B5C31CF2A42F00EC288C /* AppDelegate.swift in Sources */ = {isa = PBXBuildFile; fileRef = 65E4B5C21CF2A42F00EC288C /* AppDelegate.swift */; };
		65E4B5C51CF2A42F00EC288C /* HomePageViewController.swift in Sources */ = {isa = PBXBuildFile; fileRef = 65E4B5C41CF2A42F00EC288C /* HomePageViewController.swift */; };
		65E4B5C81CF2A42F00EC288C /* Main.storyboard in Resources */ = {isa = PBXBuildFile; fileRef = 65E4B5C61CF2A42F00EC288C /* Main.storyboard */; };
		65E4B5CD1CF2A42F00EC288C /* Assets.xcassets in Resources */ = {isa = PBXBuildFile; fileRef = 65E4B5CC1CF2A42F00EC288C /* Assets.xcassets */; };
		65E4B5D01CF2A42F00EC288C /* LaunchScreen.storyboard in Resources */ = {isa = PBXBuildFile; fileRef = 65E4B5CE1CF2A42F00EC288C /* LaunchScreen.storyboard */; };
		65E4B5DD1CF2E57500EC288C /* SWRevealViewController.m in Sources */ = {isa = PBXBuildFile; fileRef = 65E4B5DC1CF2E57500EC288C /* SWRevealViewController.m */; };
		65E4B5E11CF2EB1B00EC288C /* SideMenuTableViewController.swift in Sources */ = {isa = PBXBuildFile; fileRef = 65E4B5E01CF2EB1B00EC288C /* SideMenuTableViewController.swift */; };
		65E4B5E31CF2F61800EC288C /* Color.swift in Sources */ = {isa = PBXBuildFile; fileRef = 65E4B5E21CF2F61800EC288C /* Color.swift */; };
		65E4B5E51CF2F67C00EC288C /* Font.swift in Sources */ = {isa = PBXBuildFile; fileRef = 65E4B5E41CF2F67C00EC288C /* Font.swift */; };
		E116A6A90892A2120592CB35 /* Pods_Mr_Ride_iOS.framework in Frameworks */ = {isa = PBXBuildFile; fileRef = FAA792BC3C141EB69740EE3A /* Pods_Mr_Ride_iOS.framework */; };
/* End PBXBuildFile section */

/* Begin PBXCopyFilesBuildPhase section */
		65835F0D1CF5D47A0000D1A9 /* Embed Frameworks */ = {
			isa = PBXCopyFilesBuildPhase;
			buildActionMask = 2147483647;
			dstPath = "";
			dstSubfolderSpec = 10;
			files = (
			);
			name = "Embed Frameworks";
			runOnlyForDeploymentPostprocessing = 0;
		};
/* End PBXCopyFilesBuildPhase section */

/* Begin PBXFileReference section */
		2F95DA4C93893CC406B1DBD2 /* Pods.debug.xcconfig */ = {isa = PBXFileReference; includeInIndex = 1; lastKnownFileType = text.xcconfig; name = Pods.debug.xcconfig; path = "Pods/Target Support Files/Pods/Pods.debug.xcconfig"; sourceTree = "<group>"; };
		47C8023B974DDA8965F4CAE3 /* Pods-Mr-Ride-iOS.debug.xcconfig */ = {isa = PBXFileReference; includeInIndex = 1; lastKnownFileType = text.xcconfig; name = "Pods-Mr-Ride-iOS.debug.xcconfig"; path = "Pods/Target Support Files/Pods-Mr-Ride-iOS/Pods-Mr-Ride-iOS.debug.xcconfig"; sourceTree = "<group>"; };
		5D91698A64BE506FED641896 /* Pods.framework */ = {isa = PBXFileReference; explicitFileType = wrapper.framework; includeInIndex = 0; path = Pods.framework; sourceTree = BUILT_PRODUCTS_DIR; };
		651283481D05186600A0B657 /* HistoryTableViewController.swift */ = {isa = PBXFileReference; fileEncoding = 4; lastKnownFileType = sourcecode.swift; path = HistoryTableViewController.swift; sourceTree = "<group>"; };
		6512834A1D05188300A0B657 /* HistoryTableViewCell.swift */ = {isa = PBXFileReference; fileEncoding = 4; lastKnownFileType = sourcecode.swift; path = HistoryTableViewCell.swift; sourceTree = "<group>"; };
		6512834B1D05188300A0B657 /* HistoryTableViewCell.xib */ = {isa = PBXFileReference; fileEncoding = 4; lastKnownFileType = file.xib; path = HistoryTableViewCell.xib; sourceTree = "<group>"; };
		651FEF821D13CB8600AF122D /* PickerViewController.swift */ = {isa = PBXFileReference; fileEncoding = 4; lastKnownFileType = sourcecode.swift; path = PickerViewController.swift; sourceTree = "<group>"; };
		6546F05D1CFE81F700F3CB85 /* RobotoMono-Bold.ttf */ = {isa = PBXFileReference; lastKnownFileType = file; path = "RobotoMono-Bold.ttf"; sourceTree = "<group>"; };
		6546F05E1CFE81F700F3CB85 /* RobotoMono-BoldItalic.ttf */ = {isa = PBXFileReference; lastKnownFileType = file; path = "RobotoMono-BoldItalic.ttf"; sourceTree = "<group>"; };
		6546F05F1CFE81F700F3CB85 /* RobotoMono-Italic.ttf */ = {isa = PBXFileReference; lastKnownFileType = file; path = "RobotoMono-Italic.ttf"; sourceTree = "<group>"; };
		6546F0601CFE81F700F3CB85 /* RobotoMono-Light.ttf */ = {isa = PBXFileReference; lastKnownFileType = file; path = "RobotoMono-Light.ttf"; sourceTree = "<group>"; };
		6546F0611CFE81F700F3CB85 /* RobotoMono-LightItalic.ttf */ = {isa = PBXFileReference; lastKnownFileType = file; path = "RobotoMono-LightItalic.ttf"; sourceTree = "<group>"; };
		6546F0621CFE81F700F3CB85 /* RobotoMono-Medium.ttf */ = {isa = PBXFileReference; lastKnownFileType = file; path = "RobotoMono-Medium.ttf"; sourceTree = "<group>"; };
		6546F0631CFE81F700F3CB85 /* RobotoMono-MediumItalic.ttf */ = {isa = PBXFileReference; lastKnownFileType = file; path = "RobotoMono-MediumItalic.ttf"; sourceTree = "<group>"; };
		6546F0641CFE81F700F3CB85 /* RobotoMono-Regular.ttf */ = {isa = PBXFileReference; lastKnownFileType = file; path = "RobotoMono-Regular.ttf"; sourceTree = "<group>"; };
		6546F0651CFE81F700F3CB85 /* RobotoMono-Thin.ttf */ = {isa = PBXFileReference; lastKnownFileType = file; path = "RobotoMono-Thin.ttf"; sourceTree = "<group>"; };
		6546F0661CFE81F700F3CB85 /* RobotoMono-ThinItalic.ttf */ = {isa = PBXFileReference; lastKnownFileType = file; path = "RobotoMono-ThinItalic.ttf"; sourceTree = "<group>"; };
		6546F0721CFE8B2200F3CB85 /* MapViewController.swift */ = {isa = PBXFileReference; fileEncoding = 4; lastKnownFileType = sourcecode.swift; path = MapViewController.swift; sourceTree = "<group>"; };
		6546F0751CFEC89000F3CB85 /* LocationRecorder.swift */ = {isa = PBXFileReference; fileEncoding = 4; lastKnownFileType = sourcecode.swift; path = LocationRecorder.swift; sourceTree = "<group>"; };
		655537351D1280B6004848F7 /* HttpHelper.swift */ = {isa = PBXFileReference; fileEncoding = 4; lastKnownFileType = sourcecode.swift; path = HttpHelper.swift; sourceTree = "<group>"; };
		655537371D128DDE004848F7 /* InformationViewController.swift */ = {isa = PBXFileReference; fileEncoding = 4; lastKnownFileType = sourcecode.swift; path = InformationViewController.swift; sourceTree = "<group>"; };
		655BB5B71D1BBE2D00BC158D /* CustomAnnotationView.swift */ = {isa = PBXFileReference; fileEncoding = 4; lastKnownFileType = sourcecode.swift; path = CustomAnnotationView.swift; sourceTree = "<group>"; };
		655C68321D19011000941C68 /* Toilet.swift */ = {isa = PBXFileReference; fileEncoding = 4; lastKnownFileType = sourcecode.swift; path = Toilet.swift; sourceTree = "<group>"; };
		659095EF1D01781100054FA9 /* Mr-Ride-iOS.xcdatamodel */ = {isa = PBXFileReference; lastKnownFileType = wrapper.xcdatamodel; path = "Mr-Ride-iOS.xcdatamodel"; sourceTree = "<group>"; };
		659096111D017C4800054FA9 /* Run+CoreDataProperties.swift */ = {isa = PBXFileReference; fileEncoding = 4; lastKnownFileType = sourcecode.swift; path = "Run+CoreDataProperties.swift"; sourceTree = "<group>"; };
		659096121D017C4800054FA9 /* Run.swift */ = {isa = PBXFileReference; fileEncoding = 4; lastKnownFileType = sourcecode.swift; path = Run.swift; sourceTree = "<group>"; };
		659096131D017C4800054FA9 /* Location+CoreDataProperties.swift */ = {isa = PBXFileReference; fileEncoding = 4; lastKnownFileType = sourcecode.swift; path = "Location+CoreDataProperties.swift"; sourceTree = "<group>"; };
		659096141D017C4800054FA9 /* Location.swift */ = {isa = PBXFileReference; fileEncoding = 4; lastKnownFileType = sourcecode.swift; path = Location.swift; sourceTree = "<group>"; };
		65A67BF11D2173C8004193E2 /* Mr-Ride-iOS 2.xcdatamodel */ = {isa = PBXFileReference; lastKnownFileType = wrapper.xcdatamodel; path = "Mr-Ride-iOS 2.xcdatamodel"; sourceTree = "<group>"; };
		65A67C021D21A0AC004193E2 /* Toilets+CoreDataProperties.swift */ = {isa = PBXFileReference; fileEncoding = 4; lastKnownFileType = sourcecode.swift; name = "Toilets+CoreDataProperties.swift"; path = "../Toilets+CoreDataProperties.swift"; sourceTree = "<group>"; };
		65A67C031D21A0AC004193E2 /* Toilets.swift */ = {isa = PBXFileReference; fileEncoding = 4; lastKnownFileType = sourcecode.swift; name = Toilets.swift; path = ../Toilets.swift; sourceTree = "<group>"; };
		65ABA3D31CF6D99D00171349 /* StatisticViewController.swift */ = {isa = PBXFileReference; fileEncoding = 4; lastKnownFileType = sourcecode.swift; path = StatisticViewController.swift; sourceTree = "<group>"; };
		65AF9A381CF4215900345158 /* TrackingViewController.swift */ = {isa = PBXFileReference; fileEncoding = 4; lastKnownFileType = sourcecode.swift; path = TrackingViewController.swift; sourceTree = "<group>"; };
		65BB95451CF5AB11000B1748 /* CellTableViewCell.swift */ = {isa = PBXFileReference; fileEncoding = 4; lastKnownFileType = sourcecode.swift; path = CellTableViewCell.swift; sourceTree = "<group>"; };
		65C2EC761CF7FCCA00B59893 /* HistoryViewController.swift */ = {isa = PBXFileReference; fileEncoding = 4; lastKnownFileType = sourcecode.swift; path = HistoryViewController.swift; sourceTree = "<group>"; };
		65C6BFEC1D07EC8E00D58D15 /* LoginViewController.swift */ = {isa = PBXFileReference; fileEncoding = 4; lastKnownFileType = sourcecode.swift; path = LoginViewController.swift; sourceTree = "<group>"; };
		65D50D4D1D1D149400176E92 /* Station.swift */ = {isa = PBXFileReference; fileEncoding = 4; lastKnownFileType = sourcecode.swift; path = Station.swift; sourceTree = "<group>"; };
		65D50D4F1D1E710500176E92 /* CustomPointAnnotation.swift */ = {isa = PBXFileReference; fileEncoding = 4; lastKnownFileType = sourcecode.swift; path = CustomPointAnnotation.swift; sourceTree = "<group>"; };
		65D9D57D1D22498100FFD836 /* ToiletRecorder.swift */ = {isa = PBXFileReference; fileEncoding = 4; lastKnownFileType = sourcecode.swift; path = ToiletRecorder.swift; sourceTree = "<group>"; };
		65E4B5BF1CF2A42F00EC288C /* Mr-Ride-iOS.app */ = {isa = PBXFileReference; explicitFileType = wrapper.application; includeInIndex = 0; path = "Mr-Ride-iOS.app"; sourceTree = BUILT_PRODUCTS_DIR; };
		65E4B5C21CF2A42F00EC288C /* AppDelegate.swift */ = {isa = PBXFileReference; lastKnownFileType = sourcecode.swift; path = AppDelegate.swift; sourceTree = "<group>"; };
		65E4B5C41CF2A42F00EC288C /* HomePageViewController.swift */ = {isa = PBXFileReference; lastKnownFileType = sourcecode.swift; path = HomePageViewController.swift; sourceTree = "<group>"; };
		65E4B5C71CF2A42F00EC288C /* Base */ = {isa = PBXFileReference; lastKnownFileType = file.storyboard; name = Base; path = Base.lproj/Main.storyboard; sourceTree = "<group>"; };
		65E4B5CA1CF2A42F00EC288C /* Mr_Ride_iOS.xcdatamodel */ = {isa = PBXFileReference; lastKnownFileType = wrapper.xcdatamodel; path = Mr_Ride_iOS.xcdatamodel; sourceTree = "<group>"; };
		65E4B5CC1CF2A42F00EC288C /* Assets.xcassets */ = {isa = PBXFileReference; lastKnownFileType = folder.assetcatalog; path = Assets.xcassets; sourceTree = "<group>"; };
		65E4B5CF1CF2A42F00EC288C /* Base */ = {isa = PBXFileReference; lastKnownFileType = file.storyboard; name = Base; path = Base.lproj/LaunchScreen.storyboard; sourceTree = "<group>"; };
		65E4B5D11CF2A42F00EC288C /* Info.plist */ = {isa = PBXFileReference; lastKnownFileType = text.plist.xml; path = Info.plist; sourceTree = "<group>"; };
		65E4B5DA1CF2E57400EC288C /* Mr-Ride-iOS-Bridging-Header.h */ = {isa = PBXFileReference; lastKnownFileType = sourcecode.c.h; path = "Mr-Ride-iOS-Bridging-Header.h"; sourceTree = "<group>"; };
		65E4B5DB1CF2E57500EC288C /* SWRevealViewController.h */ = {isa = PBXFileReference; fileEncoding = 4; lastKnownFileType = sourcecode.c.h; path = SWRevealViewController.h; sourceTree = "<group>"; };
		65E4B5DC1CF2E57500EC288C /* SWRevealViewController.m */ = {isa = PBXFileReference; fileEncoding = 4; lastKnownFileType = sourcecode.c.objc; path = SWRevealViewController.m; sourceTree = "<group>"; };
		65E4B5E01CF2EB1B00EC288C /* SideMenuTableViewController.swift */ = {isa = PBXFileReference; fileEncoding = 4; lastKnownFileType = sourcecode.swift; name = SideMenuTableViewController.swift; path = ../SideMenuTableViewController.swift; sourceTree = "<group>"; };
		65E4B5E21CF2F61800EC288C /* Color.swift */ = {isa = PBXFileReference; fileEncoding = 4; lastKnownFileType = sourcecode.swift; path = Color.swift; sourceTree = "<group>"; };
		65E4B5E41CF2F67C00EC288C /* Font.swift */ = {isa = PBXFileReference; fileEncoding = 4; lastKnownFileType = sourcecode.swift; path = Font.swift; sourceTree = "<group>"; };
		B9C06656EC9FFB278703F2BD /* Pods.release.xcconfig */ = {isa = PBXFileReference; includeInIndex = 1; lastKnownFileType = text.xcconfig; name = Pods.release.xcconfig; path = "Pods/Target Support Files/Pods/Pods.release.xcconfig"; sourceTree = "<group>"; };
		E2D936620160CD52D9C9AB23 /* Pods-Mr-Ride-iOS.release.xcconfig */ = {isa = PBXFileReference; includeInIndex = 1; lastKnownFileType = text.xcconfig; name = "Pods-Mr-Ride-iOS.release.xcconfig"; path = "Pods/Target Support Files/Pods-Mr-Ride-iOS/Pods-Mr-Ride-iOS.release.xcconfig"; sourceTree = "<group>"; };
		FAA792BC3C141EB69740EE3A /* Pods_Mr_Ride_iOS.framework */ = {isa = PBXFileReference; explicitFileType = wrapper.framework; includeInIndex = 0; path = Pods_Mr_Ride_iOS.framework; sourceTree = BUILT_PRODUCTS_DIR; };
/* End PBXFileReference section */

/* Begin PBXFrameworksBuildPhase section */
		65E4B5BC1CF2A42F00EC288C /* Frameworks */ = {
			isa = PBXFrameworksBuildPhase;
			buildActionMask = 2147483647;
			files = (
				36551DCB7D5A2168AB030D5D /* Pods.framework in Frameworks */,
				E116A6A90892A2120592CB35 /* Pods_Mr_Ride_iOS.framework in Frameworks */,
			);
			runOnlyForDeploymentPostprocessing = 0;
		};
/* End PBXFrameworksBuildPhase section */

/* Begin PBXGroup section */
		40E34B9A7D8BC91E912DCD0D /* Pods */ = {
			isa = PBXGroup;
			children = (
				2F95DA4C93893CC406B1DBD2 /* Pods.debug.xcconfig */,
				B9C06656EC9FFB278703F2BD /* Pods.release.xcconfig */,
				47C8023B974DDA8965F4CAE3 /* Pods-Mr-Ride-iOS.debug.xcconfig */,
				E2D936620160CD52D9C9AB23 /* Pods-Mr-Ride-iOS.release.xcconfig */,
			);
			name = Pods;
			sourceTree = "<group>";
		};
		6546F0711CFE820300F3CB85 /* Resources */ = {
			isa = PBXGroup;
			children = (
				6546F05D1CFE81F700F3CB85 /* RobotoMono-Bold.ttf */,
				6546F05E1CFE81F700F3CB85 /* RobotoMono-BoldItalic.ttf */,
				6546F05F1CFE81F700F3CB85 /* RobotoMono-Italic.ttf */,
				6546F0601CFE81F700F3CB85 /* RobotoMono-Light.ttf */,
				6546F0611CFE81F700F3CB85 /* RobotoMono-LightItalic.ttf */,
				6546F0621CFE81F700F3CB85 /* RobotoMono-Medium.ttf */,
				6546F0631CFE81F700F3CB85 /* RobotoMono-MediumItalic.ttf */,
				6546F0641CFE81F700F3CB85 /* RobotoMono-Regular.ttf */,
				6546F0651CFE81F700F3CB85 /* RobotoMono-Thin.ttf */,
				6546F0661CFE81F700F3CB85 /* RobotoMono-ThinItalic.ttf */,
			);
			name = Resources;
			sourceTree = "<group>";
		};
		6546F0741CFEC87500F3CB85 /* Model */ = {
			isa = PBXGroup;
			children = (
				655C68321D19011000941C68 /* Toilet.swift */,
				6546F0751CFEC89000F3CB85 /* LocationRecorder.swift */,
				65D9D57D1D22498100FFD836 /* ToiletRecorder.swift */,
				655537351D1280B6004848F7 /* HttpHelper.swift */,
				65D50D4D1D1D149400176E92 /* Station.swift */,
				65D50D4F1D1E710500176E92 /* CustomPointAnnotation.swift */,
			);
			name = Model;
			sourceTree = "<group>";
		};
		655BB5B61D1BBE0B00BC158D /* View */ = {
			isa = PBXGroup;
			children = (
				655BB5B71D1BBE2D00BC158D /* CustomAnnotationView.swift */,
			);
			name = View;
			sourceTree = "<group>";
		};
		65E4B5B61CF2A42F00EC288C = {
			isa = PBXGroup;
			children = (
				65E4B5C11CF2A42F00EC288C /* Mr-Ride-iOS */,
				65E4B5C01CF2A42F00EC288C /* Products */,
				40E34B9A7D8BC91E912DCD0D /* Pods */,
				DA3C56AE5F6DC60619051F7A /* Frameworks */,
			);
			sourceTree = "<group>";
		};
		65E4B5C01CF2A42F00EC288C /* Products */ = {
			isa = PBXGroup;
			children = (
				65E4B5BF1CF2A42F00EC288C /* Mr-Ride-iOS.app */,
			);
			name = Products;
			sourceTree = "<group>";
		};
		65E4B5C11CF2A42F00EC288C /* Mr-Ride-iOS */ = {
			isa = PBXGroup;
			children = (
				655BB5B61D1BBE0B00BC158D /* View */,
				6546F0741CFEC87500F3CB85 /* Model */,
				6546F0711CFE820300F3CB85 /* Resources */,
				65E4B5D91CF2E53C00EC288C /* SWRevealViewController */,
				65E4B5C21CF2A42F00EC288C /* AppDelegate.swift */,
				65E4B5C61CF2A42F00EC288C /* Main.storyboard */,
				65E4B5E41CF2F67C00EC288C /* Font.swift */,
				65E4B5E21CF2F61800EC288C /* Color.swift */,
				65E4B5CC1CF2A42F00EC288C /* Assets.xcassets */,
				65E4B5CE1CF2A42F00EC288C /* LaunchScreen.storyboard */,
				65E4B5D11CF2A42F00EC288C /* Info.plist */,
				65E4B5D71CF2A4FF00EC288C /* Controller */,
				659095EE1D01781100054FA9 /* Mr-Ride-iOS.xcdatamodeld */,
				659096111D017C4800054FA9 /* Run+CoreDataProperties.swift */,
				65A67C021D21A0AC004193E2 /* Toilets+CoreDataProperties.swift */,
				65A67C031D21A0AC004193E2 /* Toilets.swift */,
				659096121D017C4800054FA9 /* Run.swift */,
				659096131D017C4800054FA9 /* Location+CoreDataProperties.swift */,
				659096141D017C4800054FA9 /* Location.swift */,
			);
			path = "Mr-Ride-iOS";
			sourceTree = "<group>";
		};
		65E4B5D71CF2A4FF00EC288C /* Controller */ = {
			isa = PBXGroup;
			children = (
				65E4B5E01CF2EB1B00EC288C /* SideMenuTableViewController.swift */,
				65E4B5C41CF2A42F00EC288C /* HomePageViewController.swift */,
				65BB95451CF5AB11000B1748 /* CellTableViewCell.swift */,
				65AF9A381CF4215900345158 /* TrackingViewController.swift */,
				65ABA3D31CF6D99D00171349 /* StatisticViewController.swift */,
				65C2EC761CF7FCCA00B59893 /* HistoryViewController.swift */,
				6546F0721CFE8B2200F3CB85 /* MapViewController.swift */,
				651283481D05186600A0B657 /* HistoryTableViewController.swift */,
				6512834A1D05188300A0B657 /* HistoryTableViewCell.swift */,
				6512834B1D05188300A0B657 /* HistoryTableViewCell.xib */,
				65C6BFEC1D07EC8E00D58D15 /* LoginViewController.swift */,
				655537371D128DDE004848F7 /* InformationViewController.swift */,
				651FEF821D13CB8600AF122D /* PickerViewController.swift */,
			);
			name = Controller;
			sourceTree = "<group>";
		};
		65E4B5D91CF2E53C00EC288C /* SWRevealViewController */ = {
			isa = PBXGroup;
			children = (
				65E4B5DA1CF2E57400EC288C /* Mr-Ride-iOS-Bridging-Header.h */,
				65E4B5C91CF2A42F00EC288C /* Mr_Ride_iOS.xcdatamodeld */,
				65E4B5DB1CF2E57500EC288C /* SWRevealViewController.h */,
				65E4B5DC1CF2E57500EC288C /* SWRevealViewController.m */,
			);
			name = SWRevealViewController;
			sourceTree = "<group>";
		};
		DA3C56AE5F6DC60619051F7A /* Frameworks */ = {
			isa = PBXGroup;
			children = (
				5D91698A64BE506FED641896 /* Pods.framework */,
				FAA792BC3C141EB69740EE3A /* Pods_Mr_Ride_iOS.framework */,
			);
			name = Frameworks;
			sourceTree = "<group>";
		};
/* End PBXGroup section */

/* Begin PBXNativeTarget section */
		65E4B5BE1CF2A42F00EC288C /* Mr-Ride-iOS */ = {
			isa = PBXNativeTarget;
			buildConfigurationList = 65E4B5D41CF2A42F00EC288C /* Build configuration list for PBXNativeTarget "Mr-Ride-iOS" */;
			buildPhases = (
				E908FBA1A53D69859E7B7CA5 /* Check Pods Manifest.lock */,
				65E4B5BB1CF2A42F00EC288C /* Sources */,
				65E4B5BC1CF2A42F00EC288C /* Frameworks */,
				65E4B5BD1CF2A42F00EC288C /* Resources */,
				104C99E5C45600BFD6AFABC7 /* Embed Pods Frameworks */,
				555285970FD97CCE827E5E4A /* Copy Pods Resources */,
				65835F0D1CF5D47A0000D1A9 /* Embed Frameworks */,
			);
			buildRules = (
			);
			dependencies = (
			);
			name = "Mr-Ride-iOS";
			productName = "Mr-Ride-iOS";
			productReference = 65E4B5BF1CF2A42F00EC288C /* Mr-Ride-iOS.app */;
			productType = "com.apple.product-type.application";
		};
/* End PBXNativeTarget section */

/* Begin PBXProject section */
		65E4B5B71CF2A42F00EC288C /* Project object */ = {
			isa = PBXProject;
			attributes = {
				LastSwiftUpdateCheck = 0730;
				LastUpgradeCheck = 0730;
				ORGANIZATIONNAME = "AppWorks School Derek";
				TargetAttributes = {
					65E4B5BE1CF2A42F00EC288C = {
						CreatedOnToolsVersion = 7.3;
					};
				};
			};
			buildConfigurationList = 65E4B5BA1CF2A42F00EC288C /* Build configuration list for PBXProject "Mr-Ride-iOS" */;
			compatibilityVersion = "Xcode 3.2";
			developmentRegion = English;
			hasScannedForEncodings = 0;
			knownRegions = (
				en,
				Base,
			);
			mainGroup = 65E4B5B61CF2A42F00EC288C;
			productRefGroup = 65E4B5C01CF2A42F00EC288C /* Products */;
			projectDirPath = "";
			projectRoot = "";
			targets = (
				65E4B5BE1CF2A42F00EC288C /* Mr-Ride-iOS */,
			);
		};
/* End PBXProject section */

/* Begin PBXResourcesBuildPhase section */
		65E4B5BD1CF2A42F00EC288C /* Resources */ = {
			isa = PBXResourcesBuildPhase;
			buildActionMask = 2147483647;
			files = (
				65E4B5D01CF2A42F00EC288C /* LaunchScreen.storyboard in Resources */,
				65E4B5CD1CF2A42F00EC288C /* Assets.xcassets in Resources */,
				6546F06A1CFE81F700F3CB85 /* RobotoMono-Light.ttf in Resources */,
				65E4B5C81CF2A42F00EC288C /* Main.storyboard in Resources */,
				6546F0671CFE81F700F3CB85 /* RobotoMono-Bold.ttf in Resources */,
				6546F06F1CFE81F700F3CB85 /* RobotoMono-Thin.ttf in Resources */,
				6546F0691CFE81F700F3CB85 /* RobotoMono-Italic.ttf in Resources */,
				6546F0681CFE81F700F3CB85 /* RobotoMono-BoldItalic.ttf in Resources */,
				6546F06C1CFE81F700F3CB85 /* RobotoMono-Medium.ttf in Resources */,
				6546F06B1CFE81F700F3CB85 /* RobotoMono-LightItalic.ttf in Resources */,
				6546F0701CFE81F700F3CB85 /* RobotoMono-ThinItalic.ttf in Resources */,
				6546F06E1CFE81F700F3CB85 /* RobotoMono-Regular.ttf in Resources */,
				6512834D1D05188300A0B657 /* HistoryTableViewCell.xib in Resources */,
				6546F06D1CFE81F700F3CB85 /* RobotoMono-MediumItalic.ttf in Resources */,
			);
			runOnlyForDeploymentPostprocessing = 0;
		};
/* End PBXResourcesBuildPhase section */

/* Begin PBXShellScriptBuildPhase section */
		104C99E5C45600BFD6AFABC7 /* Embed Pods Frameworks */ = {
			isa = PBXShellScriptBuildPhase;
			buildActionMask = 2147483647;
			files = (
			);
			inputPaths = (
			);
			name = "Embed Pods Frameworks";
			outputPaths = (
			);
			runOnlyForDeploymentPostprocessing = 0;
			shellPath = /bin/sh;
			shellScript = "\"${SRCROOT}/Pods/Target Support Files/Pods-Mr-Ride-iOS/Pods-Mr-Ride-iOS-frameworks.sh\"\n";
			showEnvVarsInLog = 0;
		};
		555285970FD97CCE827E5E4A /* Copy Pods Resources */ = {
			isa = PBXShellScriptBuildPhase;
			buildActionMask = 2147483647;
			files = (
			);
			inputPaths = (
			);
			name = "Copy Pods Resources";
			outputPaths = (
			);
			runOnlyForDeploymentPostprocessing = 0;
			shellPath = /bin/sh;
			shellScript = "\"${SRCROOT}/Pods/Target Support Files/Pods-Mr-Ride-iOS/Pods-Mr-Ride-iOS-resources.sh\"\n";
			showEnvVarsInLog = 0;
		};
		E908FBA1A53D69859E7B7CA5 /* Check Pods Manifest.lock */ = {
			isa = PBXShellScriptBuildPhase;
			buildActionMask = 2147483647;
			files = (
			);
			inputPaths = (
			);
			name = "Check Pods Manifest.lock";
			outputPaths = (
			);
			runOnlyForDeploymentPostprocessing = 0;
			shellPath = /bin/sh;
			shellScript = "diff \"${PODS_ROOT}/../Podfile.lock\" \"${PODS_ROOT}/Manifest.lock\" > /dev/null\nif [[ $? != 0 ]] ; then\n    cat << EOM\nerror: The sandbox is not in sync with the Podfile.lock. Run 'pod install' or update your CocoaPods installation.\nEOM\n    exit 1\nfi\n";
			showEnvVarsInLog = 0;
		};
/* End PBXShellScriptBuildPhase section */

/* Begin PBXSourcesBuildPhase section */
		65E4B5BB1CF2A42F00EC288C /* Sources */ = {
			isa = PBXSourcesBuildPhase;
			buildActionMask = 2147483647;
			files = (
				659096171D017C4800054FA9 /* Location+CoreDataProperties.swift in Sources */,
				655BB5B81D1BBE2D00BC158D /* CustomAnnotationView.swift in Sources */,
				655537381D128DDE004848F7 /* InformationViewController.swift in Sources */,
				659095F01D01781100054FA9 /* Mr-Ride-iOS.xcdatamodeld in Sources */,
				655537361D1280B6004848F7 /* HttpHelper.swift in Sources */,
				651FEF831D13CB8600AF122D /* PickerViewController.swift in Sources */,
				65E4B5C51CF2A42F00EC288C /* HomePageViewController.swift in Sources */,
				65AF9A391CF4215900345158 /* TrackingViewController.swift in Sources */,
				65E4B5C31CF2A42F00EC288C /* AppDelegate.swift in Sources */,
				655C68331D19011000941C68 /* Toilet.swift in Sources */,
				659096181D017C4800054FA9 /* Location.swift in Sources */,
				65ABA3D41CF6D99D00171349 /* StatisticViewController.swift in Sources */,
				659096151D017C4800054FA9 /* Run+CoreDataProperties.swift in Sources */,
				65C6BFED1D07EC8E00D58D15 /* LoginViewController.swift in Sources */,
				65E4B5E51CF2F67C00EC288C /* Font.swift in Sources */,
				65C2EC771CF7FCCA00B59893 /* HistoryViewController.swift in Sources */,
				65A67C041D21A0AC004193E2 /* Toilets+CoreDataProperties.swift in Sources */,
				65D50D501D1E710500176E92 /* CustomPointAnnotation.swift in Sources */,
				6546F0731CFE8B2200F3CB85 /* MapViewController.swift in Sources */,
				65E4B5DD1CF2E57500EC288C /* SWRevealViewController.m in Sources */,
				65D50D4E1D1D149400176E92 /* Station.swift in Sources */,
				6546F0761CFEC89000F3CB85 /* LocationRecorder.swift in Sources */,
				65BB95461CF5AB11000B1748 /* CellTableViewCell.swift in Sources */,
				65A67C051D21A0AC004193E2 /* Toilets.swift in Sources */,
				651283491D05186600A0B657 /* HistoryTableViewController.swift in Sources */,
				6512834C1D05188300A0B657 /* HistoryTableViewCell.swift in Sources */,
				65D9D57E1D22498100FFD836 /* ToiletRecorder.swift in Sources */,
				65E4B5E11CF2EB1B00EC288C /* SideMenuTableViewController.swift in Sources */,
				659096161D017C4800054FA9 /* Run.swift in Sources */,
				65E4B5E31CF2F61800EC288C /* Color.swift in Sources */,
			);
			runOnlyForDeploymentPostprocessing = 0;
		};
/* End PBXSourcesBuildPhase section */

/* Begin PBXVariantGroup section */
		65E4B5C61CF2A42F00EC288C /* Main.storyboard */ = {
			isa = PBXVariantGroup;
			children = (
				65E4B5C71CF2A42F00EC288C /* Base */,
			);
			name = Main.storyboard;
			sourceTree = "<group>";
		};
		65E4B5CE1CF2A42F00EC288C /* LaunchScreen.storyboard */ = {
			isa = PBXVariantGroup;
			children = (
				65E4B5CF1CF2A42F00EC288C /* Base */,
			);
			name = LaunchScreen.storyboard;
			sourceTree = "<group>";
		};
/* End PBXVariantGroup section */

/* Begin XCBuildConfiguration section */
		65E4B5D21CF2A42F00EC288C /* Debug */ = {
			isa = XCBuildConfiguration;
			buildSettings = {
				ALWAYS_SEARCH_USER_PATHS = NO;
				CLANG_ANALYZER_NONNULL = YES;
				CLANG_CXX_LANGUAGE_STANDARD = "gnu++0x";
				CLANG_CXX_LIBRARY = "libc++";
				CLANG_ENABLE_MODULES = YES;
				CLANG_ENABLE_OBJC_ARC = YES;
				CLANG_WARN_BOOL_CONVERSION = YES;
				CLANG_WARN_CONSTANT_CONVERSION = YES;
				CLANG_WARN_DIRECT_OBJC_ISA_USAGE = YES_ERROR;
				CLANG_WARN_EMPTY_BODY = YES;
				CLANG_WARN_ENUM_CONVERSION = YES;
				CLANG_WARN_INT_CONVERSION = YES;
				CLANG_WARN_OBJC_ROOT_CLASS = YES_ERROR;
				CLANG_WARN_UNREACHABLE_CODE = YES;
				CLANG_WARN__DUPLICATE_METHOD_MATCH = YES;
				"CODE_SIGN_IDENTITY[sdk=iphoneos*]" = "iPhone Developer";
				COPY_PHASE_STRIP = NO;
				DEBUG_INFORMATION_FORMAT = dwarf;
				ENABLE_STRICT_OBJC_MSGSEND = YES;
				ENABLE_TESTABILITY = YES;
				GCC_C_LANGUAGE_STANDARD = gnu99;
				GCC_DYNAMIC_NO_PIC = NO;
				GCC_NO_COMMON_BLOCKS = YES;
				GCC_OPTIMIZATION_LEVEL = 0;
				GCC_PREPROCESSOR_DEFINITIONS = (
					"DEBUG=1",
					"$(inherited)",
				);
				GCC_WARN_64_TO_32_BIT_CONVERSION = YES;
				GCC_WARN_ABOUT_RETURN_TYPE = YES_ERROR;
				GCC_WARN_UNDECLARED_SELECTOR = YES;
				GCC_WARN_UNINITIALIZED_AUTOS = YES_AGGRESSIVE;
				GCC_WARN_UNUSED_FUNCTION = YES;
				GCC_WARN_UNUSED_VARIABLE = YES;
				IPHONEOS_DEPLOYMENT_TARGET = 9.3;
				MTL_ENABLE_DEBUG_INFO = YES;
				ONLY_ACTIVE_ARCH = YES;
				SDKROOT = iphoneos;
				SWIFT_OPTIMIZATION_LEVEL = "-Onone";
			};
			name = Debug;
		};
		65E4B5D31CF2A42F00EC288C /* Release */ = {
			isa = XCBuildConfiguration;
			buildSettings = {
				ALWAYS_SEARCH_USER_PATHS = NO;
				CLANG_ANALYZER_NONNULL = YES;
				CLANG_CXX_LANGUAGE_STANDARD = "gnu++0x";
				CLANG_CXX_LIBRARY = "libc++";
				CLANG_ENABLE_MODULES = YES;
				CLANG_ENABLE_OBJC_ARC = YES;
				CLANG_WARN_BOOL_CONVERSION = YES;
				CLANG_WARN_CONSTANT_CONVERSION = YES;
				CLANG_WARN_DIRECT_OBJC_ISA_USAGE = YES_ERROR;
				CLANG_WARN_EMPTY_BODY = YES;
				CLANG_WARN_ENUM_CONVERSION = YES;
				CLANG_WARN_INT_CONVERSION = YES;
				CLANG_WARN_OBJC_ROOT_CLASS = YES_ERROR;
				CLANG_WARN_UNREACHABLE_CODE = YES;
				CLANG_WARN__DUPLICATE_METHOD_MATCH = YES;
				"CODE_SIGN_IDENTITY[sdk=iphoneos*]" = "iPhone Developer";
				COPY_PHASE_STRIP = NO;
				DEBUG_INFORMATION_FORMAT = "dwarf-with-dsym";
				ENABLE_NS_ASSERTIONS = NO;
				ENABLE_STRICT_OBJC_MSGSEND = YES;
				GCC_C_LANGUAGE_STANDARD = gnu99;
				GCC_NO_COMMON_BLOCKS = YES;
				GCC_WARN_64_TO_32_BIT_CONVERSION = YES;
				GCC_WARN_ABOUT_RETURN_TYPE = YES_ERROR;
				GCC_WARN_UNDECLARED_SELECTOR = YES;
				GCC_WARN_UNINITIALIZED_AUTOS = YES_AGGRESSIVE;
				GCC_WARN_UNUSED_FUNCTION = YES;
				GCC_WARN_UNUSED_VARIABLE = YES;
				IPHONEOS_DEPLOYMENT_TARGET = 9.3;
				MTL_ENABLE_DEBUG_INFO = NO;
				SDKROOT = iphoneos;
				VALIDATE_PRODUCT = YES;
			};
			name = Release;
		};
		65E4B5D51CF2A42F00EC288C /* Debug */ = {
			isa = XCBuildConfiguration;
			baseConfigurationReference = 47C8023B974DDA8965F4CAE3 /* Pods-Mr-Ride-iOS.debug.xcconfig */;
			buildSettings = {
				ASSETCATALOG_COMPILER_APPICON_NAME = AppIcon;
				CLANG_ENABLE_MODULES = YES;
				INFOPLIST_FILE = "Mr-Ride-iOS/Info.plist";
				LD_RUNPATH_SEARCH_PATHS = "$(inherited) @executable_path/Frameworks";
				PRODUCT_BUNDLE_IDENTIFIER = "com.appworks-school-derekchiu.Mr-Ride-iOS";
				PRODUCT_NAME = "$(TARGET_NAME)";
				SWIFT_OBJC_BRIDGING_HEADER = "Mr-Ride-iOS/Mr-Ride-iOS-Bridging-Header.h";
				SWIFT_OPTIMIZATION_LEVEL = "-Onone";
			};
			name = Debug;
		};
		65E4B5D61CF2A42F00EC288C /* Release */ = {
			isa = XCBuildConfiguration;
			baseConfigurationReference = E2D936620160CD52D9C9AB23 /* Pods-Mr-Ride-iOS.release.xcconfig */;
			buildSettings = {
				ASSETCATALOG_COMPILER_APPICON_NAME = AppIcon;
				CLANG_ENABLE_MODULES = YES;
				INFOPLIST_FILE = "Mr-Ride-iOS/Info.plist";
				LD_RUNPATH_SEARCH_PATHS = "$(inherited) @executable_path/Frameworks";
				PRODUCT_BUNDLE_IDENTIFIER = "com.appworks-school-derekchiu.Mr-Ride-iOS";
				PRODUCT_NAME = "$(TARGET_NAME)";
				SWIFT_OBJC_BRIDGING_HEADER = "Mr-Ride-iOS/Mr-Ride-iOS-Bridging-Header.h";
			};
			name = Release;
		};
/* End XCBuildConfiguration section */

/* Begin XCConfigurationList section */
		65E4B5BA1CF2A42F00EC288C /* Build configuration list for PBXProject "Mr-Ride-iOS" */ = {
			isa = XCConfigurationList;
			buildConfigurations = (
				65E4B5D21CF2A42F00EC288C /* Debug */,
				65E4B5D31CF2A42F00EC288C /* Release */,
			);
			defaultConfigurationIsVisible = 0;
			defaultConfigurationName = Release;
		};
		65E4B5D41CF2A42F00EC288C /* Build configuration list for PBXNativeTarget "Mr-Ride-iOS" */ = {
			isa = XCConfigurationList;
			buildConfigurations = (
				65E4B5D51CF2A42F00EC288C /* Debug */,
				65E4B5D61CF2A42F00EC288C /* Release */,
			);
			defaultConfigurationIsVisible = 0;
			defaultConfigurationName = Release;
		};
/* End XCConfigurationList section */

/* Begin XCVersionGroup section */
		659095EE1D01781100054FA9 /* Mr-Ride-iOS.xcdatamodeld */ = {
			isa = XCVersionGroup;
			children = (
				65A67BF11D2173C8004193E2 /* Mr-Ride-iOS 2.xcdatamodel */,
				659095EF1D01781100054FA9 /* Mr-Ride-iOS.xcdatamodel */,
			);
			currentVersion = 65A67BF11D2173C8004193E2 /* Mr-Ride-iOS 2.xcdatamodel */;
			path = "Mr-Ride-iOS.xcdatamodeld";
			sourceTree = "<group>";
			versionGroupType = wrapper.xcdatamodel;
		};
		65E4B5C91CF2A42F00EC288C /* Mr_Ride_iOS.xcdatamodeld */ = {
			isa = XCVersionGroup;
			children = (
				65E4B5CA1CF2A42F00EC288C /* Mr_Ride_iOS.xcdatamodel */,
			);
			currentVersion = 65E4B5CA1CF2A42F00EC288C /* Mr_Ride_iOS.xcdatamodel */;
			path = Mr_Ride_iOS.xcdatamodeld;
			sourceTree = "<group>";
			versionGroupType = wrapper.xcdatamodel;
		};
/* End XCVersionGroup section */
	};
	rootObject = 65E4B5B71CF2A42F00EC288C /* Project object */;
}
