// !$*UTF8*$!
{
	archiveVersion = 1;
	classes = {
	};
	objectVersion = 46;
	objects = {

/* Begin PBXBuildFile section */
		65E4B5C31CF2A42F00EC288C /* AppDelegate.swift in Sources */ = {isa = PBXBuildFile; fileRef = 65E4B5C21CF2A42F00EC288C /* AppDelegate.swift */; };
		65E4B5C51CF2A42F00EC288C /* ViewController.swift in Sources */ = {isa = PBXBuildFile; fileRef = 65E4B5C41CF2A42F00EC288C /* ViewController.swift */; };
		65E4B5C81CF2A42F00EC288C /* Main.storyboard in Resources */ = {isa = PBXBuildFile; fileRef = 65E4B5C61CF2A42F00EC288C /* Main.storyboard */; };
		65E4B5CB1CF2A42F00EC288C /* Mr_Ride_iOS.xcdatamodeld in Sources */ = {isa = PBXBuildFile; fileRef = 65E4B5C91CF2A42F00EC288C /* Mr_Ride_iOS.xcdatamodeld */; };
		65E4B5CD1CF2A42F00EC288C /* Assets.xcassets in Resources */ = {isa = PBXBuildFile; fileRef = 65E4B5CC1CF2A42F00EC288C /* Assets.xcassets */; };
		65E4B5D01CF2A42F00EC288C /* LaunchScreen.storyboard in Resources */ = {isa = PBXBuildFile; fileRef = 65E4B5CE1CF2A42F00EC288C /* LaunchScreen.storyboard */; };
/* End PBXBuildFile section */

/* Begin PBXFileReference section */
		65E4B5BF1CF2A42F00EC288C /* Mr-Ride-iOS.app */ = {isa = PBXFileReference; explicitFileType = wrapper.application; includeInIndex = 0; path = "Mr-Ride-iOS.app"; sourceTree = BUILT_PRODUCTS_DIR; };
		65E4B5C21CF2A42F00EC288C /* AppDelegate.swift */ = {isa = PBXFileReference; lastKnownFileType = sourcecode.swift; path = AppDelegate.swift; sourceTree = "<group>"; };
		65E4B5C41CF2A42F00EC288C /* ViewController.swift */ = {isa = PBXFileReference; lastKnownFileType = sourcecode.swift; path = ViewController.swift; sourceTree = "<group>"; };
		65E4B5C71CF2A42F00EC288C /* Base */ = {isa = PBXFileReference; lastKnownFileType = file.storyboard; name = Base; path = Base.lproj/Main.storyboard; sourceTree = "<group>"; };
		65E4B5CA1CF2A42F00EC288C /* Mr_Ride_iOS.xcdatamodel */ = {isa = PBXFileReference; lastKnownFileType = wrapper.xcdatamodel; path = Mr_Ride_iOS.xcdatamodel; sourceTree = "<group>"; };
		65E4B5CC1CF2A42F00EC288C /* Assets.xcassets */ = {isa = PBXFileReference; lastKnownFileType = folder.assetcatalog; path = Assets.xcassets; sourceTree = "<group>"; };
		65E4B5CF1CF2A42F00EC288C /* Base */ = {isa = PBXFileReference; lastKnownFileType = file.storyboard; name = Base; path = Base.lproj/LaunchScreen.storyboard; sourceTree = "<group>"; };
		65E4B5D11CF2A42F00EC288C /* Info.plist */ = {isa = PBXFileReference; lastKnownFileType = text.plist.xml; path = Info.plist; sourceTree = "<group>"; };
/* End PBXFileReference section */

/* Begin PBXFrameworksBuildPhase section */
		65E4B5BC1CF2A42F00EC288C /* Frameworks */ = {
			isa = PBXFrameworksBuildPhase;
			buildActionMask = 2147483647;
			files = (
			);
			runOnlyForDeploymentPostprocessing = 0;
		};
/* End PBXFrameworksBuildPhase section */

/* Begin PBXGroup section */
		65E4B5B61CF2A42F00EC288C = {
			isa = PBXGroup;
			children = (
				65E4B5C11CF2A42F00EC288C /* Mr-Ride-iOS */,
				65E4B5C01CF2A42F00EC288C /* Products */,
			);
			sourceTree = "<group>";
		};
		65E4B5C01CF2A42F00EC288C /* Products */ = {
			isa = PBXGroup;
			children = (
				65E4B5BF1CF2A42F00EC288C /* Mr-Ride-iOS.app */,
			);
			name = Products;
			sourceTree = "<group>";
		};
		65E4B5C11CF2A42F00EC288C /* Mr-Ride-iOS */ = {
			isa = PBXGroup;
			children = (
				65E4B5C21CF2A42F00EC288C /* AppDelegate.swift */,
				65E4B5C41CF2A42F00EC288C /* ViewController.swift */,
				65E4B5C61CF2A42F00EC288C /* Main.storyboard */,
				65E4B5CC1CF2A42F00EC288C /* Assets.xcassets */,
				65E4B5CE1CF2A42F00EC288C /* LaunchScreen.storyboard */,
				65E4B5D11CF2A42F00EC288C /* Info.plist */,
				65E4B5C91CF2A42F00EC288C /* Mr_Ride_iOS.xcdatamodeld */,
			);
			path = "Mr-Ride-iOS";
			sourceTree = "<group>";
		};
/* End PBXGroup section */

/* Begin PBXNativeTarget section */
		65E4B5BE1CF2A42F00EC288C /* Mr-Ride-iOS */ = {
			isa = PBXNativeTarget;
			buildConfigurationList = 65E4B5D41CF2A42F00EC288C /* Build configuration list for PBXNativeTarget "Mr-Ride-iOS" */;
			buildPhases = (
				65E4B5BB1CF2A42F00EC288C /* Sources */,
				65E4B5BC1CF2A42F00EC288C /* Frameworks */,
				65E4B5BD1CF2A42F00EC288C /* Resources */,
			);
			buildRules = (
			);
			dependencies = (
			);
			name = "Mr-Ride-iOS";
			productName = "Mr-Ride-iOS";
			productReference = 65E4B5BF1CF2A42F00EC288C /* Mr-Ride-iOS.app */;
			productType = "com.apple.product-type.application";
		};
/* End PBXNativeTarget section */

/* Begin PBXProject section */
		65E4B5B71CF2A42F00EC288C /* Project object */ = {
			isa = PBXProject;
			attributes = {
				LastSwiftUpdateCheck = 0730;
				LastUpgradeCheck = 0730;
				ORGANIZATIONNAME = "AppWorks School Derek";
				TargetAttributes = {
					65E4B5BE1CF2A42F00EC288C = {
						CreatedOnToolsVersion = 7.3;
					};
				};
			};
			buildConfigurationList = 65E4B5BA1CF2A42F00EC288C /* Build configuration list for PBXProject "Mr-Ride-iOS" */;
			compatibilityVersion = "Xcode 3.2";
			developmentRegion = English;
			hasScannedForEncodings = 0;
			knownRegions = (
				en,
				Base,
			);
			mainGroup = 65E4B5B61CF2A42F00EC288C;
			productRefGroup = 65E4B5C01CF2A42F00EC288C /* Products */;
			projectDirPath = "";
			projectRoot = "";
			targets = (
				65E4B5BE1CF2A42F00EC288C /* Mr-Ride-iOS */,
			);
		};
/* End PBXProject section */

/* Begin PBXResourcesBuildPhase section */
		65E4B5BD1CF2A42F00EC288C /* Resources */ = {
			isa = PBXResourcesBuildPhase;
			buildActionMask = 2147483647;
			files = (
				65E4B5D01CF2A42F00EC288C /* LaunchScreen.storyboard in Resources */,
				65E4B5CD1CF2A42F00EC288C /* Assets.xcassets in Resources */,
				65E4B5C81CF2A42F00EC288C /* Main.storyboard in Resources */,
			);
			runOnlyForDeploymentPostprocessing = 0;
		};
/* End PBXResourcesBuildPhase section */

/* Begin PBXSourcesBuildPhase section */
		65E4B5BB1CF2A42F00EC288C /* Sources */ = {
			isa = PBXSourcesBuildPhase;
			buildActionMask = 2147483647;
			files = (
				65E4B5C51CF2A42F00EC288C /* ViewController.swift in Sources */,
				65E4B5C31CF2A42F00EC288C /* AppDelegate.swift in Sources */,
				65E4B5CB1CF2A42F00EC288C /* Mr_Ride_iOS.xcdatamodeld in Sources */,
			);
			runOnlyForDeploymentPostprocessing = 0;
		};
/* End PBXSourcesBuildPhase section */

/* Begin PBXVariantGroup section */
		65E4B5C61CF2A42F00EC288C /* Main.storyboard */ = {
			isa = PBXVariantGroup;
			children = (
				65E4B5C71CF2A42F00EC288C /* Base */,
			);
			name = Main.storyboard;
			sourceTree = "<group>";
		};
		65E4B5CE1CF2A42F00EC288C /* LaunchScreen.storyboard */ = {
			isa = PBXVariantGroup;
			children = (
				65E4B5CF1CF2A42F00EC288C /* Base */,
			);
			name = LaunchScreen.storyboard;
			sourceTree = "<group>";
		};
/* End PBXVariantGroup section */

/* Begin XCBuildConfiguration section */
		65E4B5D21CF2A42F00EC288C /* Debug */ = {
			isa = XCBuildConfiguration;
			buildSettings = {
				ALWAYS_SEARCH_USER_PATHS = NO;
				CLANG_ANALYZER_NONNULL = YES;
				CLANG_CXX_LANGUAGE_STANDARD = "gnu++0x";
				CLANG_CXX_LIBRARY = "libc++";
				CLANG_ENABLE_MODULES = YES;
				CLANG_ENABLE_OBJC_ARC = YES;
				CLANG_WARN_BOOL_CONVERSION = YES;
				CLANG_WARN_CONSTANT_CONVERSION = YES;
				CLANG_WARN_DIRECT_OBJC_ISA_USAGE = YES_ERROR;
				CLANG_WARN_EMPTY_BODY = YES;
				CLANG_WARN_ENUM_CONVERSION = YES;
				CLANG_WARN_INT_CONVERSION = YES;
				CLANG_WARN_OBJC_ROOT_CLASS = YES_ERROR;
				CLANG_WARN_UNREACHABLE_CODE = YES;
				CLANG_WARN__DUPLICATE_METHOD_MATCH = YES;
				"CODE_SIGN_IDENTITY[sdk=iphoneos*]" = "iPhone Developer";
				COPY_PHASE_STRIP = NO;
				DEBUG_INFORMATION_FORMAT = dwarf;
				ENABLE_STRICT_OBJC_MSGSEND = YES;
				ENABLE_TESTABILITY = YES;
				GCC_C_LANGUAGE_STANDARD = gnu99;
				GCC_DYNAMIC_NO_PIC = NO;
				GCC_NO_COMMON_BLOCKS = YES;
				GCC_OPTIMIZATION_LEVEL = 0;
				GCC_PREPROCESSOR_DEFINITIONS = (
					"DEBUG=1",
					"$(inherited)",
				);
				GCC_WARN_64_TO_32_BIT_CONVERSION = YES;
				GCC_WARN_ABOUT_RETURN_TYPE = YES_ERROR;
				GCC_WARN_UNDECLARED_SELECTOR = YES;
				GCC_WARN_UNINITIALIZED_AUTOS = YES_AGGRESSIVE;
				GCC_WARN_UNUSED_FUNCTION = YES;
				GCC_WARN_UNUSED_VARIABLE = YES;
				IPHONEOS_DEPLOYMENT_TARGET = 9.3;
				MTL_ENABLE_DEBUG_INFO = YES;
				ONLY_ACTIVE_ARCH = YES;
				SDKROOT = iphoneos;
				SWIFT_OPTIMIZATION_LEVEL = "-Onone";
			};
			name = Debug;
		};
		65E4B5D31CF2A42F00EC288C /* Release */ = {
			isa = XCBuildConfiguration;
			buildSettings = {
				ALWAYS_SEARCH_USER_PATHS = NO;
				CLANG_ANALYZER_NONNULL = YES;
				CLANG_CXX_LANGUAGE_STANDARD = "gnu++0x";
				CLANG_CXX_LIBRARY = "libc++";
				CLANG_ENABLE_MODULES = YES;
				CLANG_ENABLE_OBJC_ARC = YES;
				CLANG_WARN_BOOL_CONVERSION = YES;
				CLANG_WARN_CONSTANT_CONVERSION = YES;
				CLANG_WARN_DIRECT_OBJC_ISA_USAGE = YES_ERROR;
				CLANG_WARN_EMPTY_BODY = YES;
				CLANG_WARN_ENUM_CONVERSION = YES;
				CLANG_WARN_INT_CONVERSION = YES;
				CLANG_WARN_OBJC_ROOT_CLASS = YES_ERROR;
				CLANG_WARN_UNREACHABLE_CODE = YES;
				CLANG_WARN__DUPLICATE_METHOD_MATCH = YES;
				"CODE_SIGN_IDENTITY[sdk=iphoneos*]" = "iPhone Developer";
				COPY_PHASE_STRIP = NO;
				DEBUG_INFORMATION_FORMAT = "dwarf-with-dsym";
				ENABLE_NS_ASSERTIONS = NO;
				ENABLE_STRICT_OBJC_MSGSEND = YES;
				GCC_C_LANGUAGE_STANDARD = gnu99;
				GCC_NO_COMMON_BLOCKS = YES;
				GCC_WARN_64_TO_32_BIT_CONVERSION = YES;
				GCC_WARN_ABOUT_RETURN_TYPE = YES_ERROR;
				GCC_WARN_UNDECLARED_SELECTOR = YES;
				GCC_WARN_UNINITIALIZED_AUTOS = YES_AGGRESSIVE;
				GCC_WARN_UNUSED_FUNCTION = YES;
				GCC_WARN_UNUSED_VARIABLE = YES;
				IPHONEOS_DEPLOYMENT_TARGET = 9.3;
				MTL_ENABLE_DEBUG_INFO = NO;
				SDKROOT = iphoneos;
				VALIDATE_PRODUCT = YES;
			};
			name = Release;
		};
		65E4B5D51CF2A42F00EC288C /* Debug */ = {
			isa = XCBuildConfiguration;
			buildSettings = {
				ASSETCATALOG_COMPILER_APPICON_NAME = AppIcon;
				INFOPLIST_FILE = "Mr-Ride-iOS/Info.plist";
				LD_RUNPATH_SEARCH_PATHS = "$(inherited) @executable_path/Frameworks";
				PRODUCT_BUNDLE_IDENTIFIER = "com.appworks-school-derekchiu.Mr-Ride-iOS";
				PRODUCT_NAME = "$(TARGET_NAME)";
			};
			name = Debug;
		};
		65E4B5D61CF2A42F00EC288C /* Release */ = {
			isa = XCBuildConfiguration;
			buildSettings = {
				ASSETCATALOG_COMPILER_APPICON_NAME = AppIcon;
				INFOPLIST_FILE = "Mr-Ride-iOS/Info.plist";
				LD_RUNPATH_SEARCH_PATHS = "$(inherited) @executable_path/Frameworks";
				PRODUCT_BUNDLE_IDENTIFIER = "com.appworks-school-derekchiu.Mr-Ride-iOS";
				PRODUCT_NAME = "$(TARGET_NAME)";
			};
			name = Release;
		};
/* End XCBuildConfiguration section */

/* Begin XCConfigurationList section */
		65E4B5BA1CF2A42F00EC288C /* Build configuration list for PBXProject "Mr-Ride-iOS" */ = {
			isa = XCConfigurationList;
			buildConfigurations = (
				65E4B5D21CF2A42F00EC288C /* Debug */,
				65E4B5D31CF2A42F00EC288C /* Release */,
			);
			defaultConfigurationIsVisible = 0;
			defaultConfigurationName = Release;
		};
		65E4B5D41CF2A42F00EC288C /* Build configuration list for PBXNativeTarget "Mr-Ride-iOS" */ = {
			isa = XCConfigurationList;
			buildConfigurations = (
				65E4B5D51CF2A42F00EC288C /* Debug */,
				65E4B5D61CF2A42F00EC288C /* Release */,
			);
			defaultConfigurationIsVisible = 0;
		};
/* End XCConfigurationList section */

/* Begin XCVersionGroup section */
		65E4B5C91CF2A42F00EC288C /* Mr_Ride_iOS.xcdatamodeld */ = {
			isa = XCVersionGroup;
			children = (
				65E4B5CA1CF2A42F00EC288C /* Mr_Ride_iOS.xcdatamodel */,
			);
			currentVersion = 65E4B5CA1CF2A42F00EC288C /* Mr_Ride_iOS.xcdatamodel */;
			path = Mr_Ride_iOS.xcdatamodeld;
			sourceTree = "<group>";
			versionGroupType = wrapper.xcdatamodel;
		};
/* End XCVersionGroup section */
	};
	rootObject = 65E4B5B71CF2A42F00EC288C /* Project object */;
}
